
Microsoft Visual Studio Solution File, Format Version 12.00
# Visual Studio Version 17
VisualStudioVersion = 17.7.34221.43
MinimumVisualStudioVersion = 10.0.40219.1
Project("{FAE04EC0-301F-11D3-BF4B-00C04F79EFBC}") = "SoftwareTestingProject", "UnitTestProject1\SoftwareTestingProject.csproj", "{C9ED2856-4C7F-4837-8E20-B870D3CF52E6}"
EndProject
Global
	GlobalSection(SolutionConfigurationPlatforms) = preSolution
		Debug|Any CPU = Debug|Any CPU
		Release|Any CPU = Release|Any CPU
	EndGlobalSection
	GlobalSection(ProjectConfigurationPlatforms) = postSolution
		{C9ED2856-4C7F-4837-8E20-B870D3CF52E6}.Debug|Any CPU.ActiveCfg = Debug|Any CPU
		{C9ED2856-4C7F-4837-8E20-B870D3CF52E6}.Debug|Any CPU.Build.0 = Debug|Any CPU
		{C9ED2856-4C7F-4837-8E20-B870D3CF52E6}.Release|Any CPU.ActiveCfg = Release|Any CPU
		{C9ED2856-4C7F-4837-8E20-B870D3CF52E6}.Release|Any CPU.Build.0 = Release|Any CPU
	EndGlobalSection
	GlobalSection(SolutionProperties) = preSolution
		HideSolutionNode = FALSE
	EndGlobalSection
	GlobalSection(ExtensibilityGlobals) = postSolution
		SolutionGuid = {C34991ED-9AAA-4A41-9C15-76547FED1889}
	EndGlobalSection
EndGlobal
